// !$*UTF8*$!
{
	archiveVersion = 1;
	classes = {
	};
	objectVersion = 56;
	objects = {

/* Begin PBXBuildFile section */
		2D4376B52A5874EA00C75E5D /* sumOfAllNumbersInArray.c in Sources */ = {isa = PBXBuildFile; fileRef = 2D4376B42A5874EA00C75E5D /* sumOfAllNumbersInArray.c */; };
		2D4376B72A58763900C75E5D /* MinMaxInArray.c in Sources */ = {isa = PBXBuildFile; fileRef = 2D4376B62A58763900C75E5D /* MinMaxInArray.c */; };
		2D828EDD2A570EF5007547ED /* test.c in Sources */ = {isa = PBXBuildFile; fileRef = 2D828EDC2A570EF5007547ED /* test.c */; };
		2D828EDF2A5712BD007547ED /* binarySearch.c in Sources */ = {isa = PBXBuildFile; fileRef = 2D828EDE2A5712BD007547ED /* binarySearch.c */; };
		2D828EE12A574AD8007547ED /* ternarySearch.c in Sources */ = {isa = PBXBuildFile; fileRef = 2D828EE02A574AD8007547ED /* ternarySearch.c */; };
		2DEE4F922A55574C005184D8 /* linearSearch.c in Sources */ = {isa = PBXBuildFile; fileRef = 2DEE4F912A55574C005184D8 /* linearSearch.c */; };
/* End PBXBuildFile section */

/* Begin PBXCopyFilesBuildPhase section */
		2DEE4F8C2A55574C005184D8 /* CopyFiles */ = {
			isa = PBXCopyFilesBuildPhase;
			buildActionMask = 2147483647;
			dstPath = /usr/share/man/man1/;
			dstSubfolderSpec = 0;
			files = (
			);
			runOnlyForDeploymentPostprocessing = 1;
		};
/* End PBXCopyFilesBuildPhase section */

/* Begin PBXFileReference section */
		2D4376B42A5874EA00C75E5D /* sumOfAllNumbersInArray.c */ = {isa = PBXFileReference; lastKnownFileType = sourcecode.c.c; path = sumOfAllNumbersInArray.c; sourceTree = "<group>"; };
		2D4376B62A58763900C75E5D /* MinMaxInArray.c */ = {isa = PBXFileReference; lastKnownFileType = sourcecode.c.c; path = MinMaxInArray.c; sourceTree = "<group>"; };
		2D828EDC2A570EF5007547ED /* test.c */ = {isa = PBXFileReference; lastKnownFileType = sourcecode.c.c; path = test.c; sourceTree = "<group>"; };
		2D828EDE2A5712BD007547ED /* binarySearch.c */ = {isa = PBXFileReference; lastKnownFileType = sourcecode.c.c; path = binarySearch.c; sourceTree = "<group>"; };
		2D828EE02A574AD8007547ED /* ternarySearch.c */ = {isa = PBXFileReference; lastKnownFileType = sourcecode.c.c; path = ternarySearch.c; sourceTree = "<group>"; };
		2DEE4F8E2A55574C005184D8 /* C Lang Codes */ = {isa = PBXFileReference; explicitFileType = "compiled.mach-o.executable"; includeInIndex = 0; path = "C Lang Codes"; sourceTree = BUILT_PRODUCTS_DIR; };
		2DEE4F912A55574C005184D8 /* linearSearch.c */ = {isa = PBXFileReference; lastKnownFileType = sourcecode.c.c; path = linearSearch.c; sourceTree = "<group>"; };
/* End PBXFileReference section */

/* Begin PBXFrameworksBuildPhase section */
		2DEE4F8B2A55574C005184D8 /* Frameworks */ = {
			isa = PBXFrameworksBuildPhase;
			buildActionMask = 2147483647;
			files = (
			);
			runOnlyForDeploymentPostprocessing = 0;
		};
/* End PBXFrameworksBuildPhase section */

/* Begin PBXGroup section */
		2DEE4F852A55574C005184D8 = {
			isa = PBXGroup;
			children = (
				2D4376B62A58763900C75E5D /* MinMaxInArray.c */,
				2D4376B42A5874EA00C75E5D /* sumOfAllNumbersInArray.c */,
				2D828EE02A574AD8007547ED /* ternarySearch.c */,
				2D828EDE2A5712BD007547ED /* binarySearch.c */,
				2D828EDC2A570EF5007547ED /* test.c */,
				2DEE4F902A55574C005184D8 /* C Lang Codes */,
				2DEE4F8F2A55574C005184D8 /* Products */,
			);
			sourceTree = "<group>";
		};
		2DEE4F8F2A55574C005184D8 /* Products */ = {
			isa = PBXGroup;
			children = (
				2DEE4F8E2A55574C005184D8 /* C Lang Codes */,
			);
			name = Products;
			sourceTree = "<group>";
		};
		2DEE4F902A55574C005184D8 /* C Lang Codes */ = {
			isa = PBXGroup;
			children = (
				2DEE4F912A55574C005184D8 /* linearSearch.c */,
			);
			path = "C Lang Codes";
			sourceTree = "<group>";
		};
/* End PBXGroup section */

/* Begin PBXNativeTarget section */
		2DEE4F8D2A55574C005184D8 /* C Lang Codes */ = {
			isa = PBXNativeTarget;
			buildConfigurationList = 2DEE4F952A55574C005184D8 /* Build configuration list for PBXNativeTarget "C Lang Codes" */;
			buildPhases = (
				2DEE4F8A2A55574C005184D8 /* Sources */,
				2DEE4F8B2A55574C005184D8 /* Frameworks */,
				2DEE4F8C2A55574C005184D8 /* CopyFiles */,
			);
			buildRules = (
			);
			dependencies = (
			);
			name = "C Lang Codes";
			productName = "C Lang Codes";
			productReference = 2DEE4F8E2A55574C005184D8 /* C Lang Codes */;
			productType = "com.apple.product-type.tool";
		};
/* End PBXNativeTarget section */

/* Begin PBXProject section */
		2DEE4F862A55574C005184D8 /* Project object */ = {
			isa = PBXProject;
			attributes = {
				BuildIndependentTargetsInParallel = 1;
				LastUpgradeCheck = 1400;
				TargetAttributes = {
					2DEE4F8D2A55574C005184D8 = {
						CreatedOnToolsVersion = 14.0;
					};
				};
			};
			buildConfigurationList = 2DEE4F892A55574C005184D8 /* Build configuration list for PBXProject "C Lang Codes" */;
			compatibilityVersion = "Xcode 14.0";
			developmentRegion = en;
			hasScannedForEncodings = 0;
			knownRegions = (
				en,
				Base,
			);
			mainGroup = 2DEE4F852A55574C005184D8;
			productRefGroup = 2DEE4F8F2A55574C005184D8 /* Products */;
			projectDirPath = "";
			projectRoot = "";
			targets = (
				2DEE4F8D2A55574C005184D8 /* C Lang Codes */,
			);
		};
/* End PBXProject section */

/* Begin PBXSourcesBuildPhase section */
		2DEE4F8A2A55574C005184D8 /* Sources */ = {
			isa = PBXSourcesBuildPhase;
			buildActionMask = 2147483647;
			files = (
				2D4376B72A58763900C75E5D /* MinMaxInArray.c in Sources */,
				2DEE4F922A55574C005184D8 /* linearSearch.c in Sources */,
				2D4376B52A5874EA00C75E5D /* sumOfAllNumbersInArray.c in Sources */,
				2D828EDF2A5712BD007547ED /* binarySearch.c in Sources */,
				2D828EDD2A570EF5007547ED /* test.c in Sources */,
				2D828EE12A574AD8007547ED /* ternarySearch.c in Sources */,
			);
			runOnlyForDeploymentPostprocessing = 0;
		};
/* End PBXSourcesBuildPhase section */

/* Begin XCBuildConfiguration section */
		2DEE4F932A55574C005184D8 /* Debug */ = {
			isa = XCBuildConfiguration;
			buildSettings = {
				ALWAYS_SEARCH_USER_PATHS = NO;
				CLANG_ANALYZER_NONNULL = YES;
				CLANG_ANALYZER_NUMBER_OBJECT_CONVERSION = YES_AGGRESSIVE;
				CLANG_CXX_LANGUAGE_STANDARD = "gnu++20";
				CLANG_ENABLE_MODULES = YES;
				CLANG_ENABLE_OBJC_ARC = YES;
				CLANG_ENABLE_OBJC_WEAK = YES;
				CLANG_WARN_BLOCK_CAPTURE_AUTORELEASING = YES;
				CLANG_WARN_BOOL_CONVERSION = YES;
				CLANG_WARN_COMMA = YES;
				CLANG_WARN_CONSTANT_CONVERSION = YES;
				CLANG_WARN_DEPRECATED_OBJC_IMPLEMENTATIONS = YES;
				CLANG_WARN_DIRECT_OBJC_ISA_USAGE = YES_ERROR;
				CLANG_WARN_DOCUMENTATION_COMMENTS = YES;
				CLANG_WARN_EMPTY_BODY = YES;
				CLANG_WARN_ENUM_CONVERSION = YES;
				CLANG_WARN_INFINITE_RECURSION = YES;
				CLANG_WARN_INT_CONVERSION = YES;
				CLANG_WARN_NON_LITERAL_NULL_CONVERSION = YES;
				CLANG_WARN_OBJC_IMPLICIT_RETAIN_SELF = YES;
				CLANG_WARN_OBJC_LITERAL_CONVERSION = YES;
				CLANG_WARN_OBJC_ROOT_CLASS = YES_ERROR;
				CLANG_WARN_QUOTED_INCLUDE_IN_FRAMEWORK_HEADER = YES;
				CLANG_WARN_RANGE_LOOP_ANALYSIS = YES;
				CLANG_WARN_STRICT_PROTOTYPES = YES;
				CLANG_WARN_SUSPICIOUS_MOVE = YES;
				CLANG_WARN_UNGUARDED_AVAILABILITY = YES_AGGRESSIVE;
				CLANG_WARN_UNREACHABLE_CODE = YES;
				CLANG_WARN__DUPLICATE_METHOD_MATCH = YES;
				COPY_PHASE_STRIP = NO;
				DEBUG_INFORMATION_FORMAT = dwarf;
				ENABLE_STRICT_OBJC_MSGSEND = YES;
				ENABLE_TESTABILITY = YES;
				GCC_C_LANGUAGE_STANDARD = gnu11;
				GCC_DYNAMIC_NO_PIC = NO;
				GCC_NO_COMMON_BLOCKS = YES;
				GCC_OPTIMIZATION_LEVEL = 0;
				GCC_PREPROCESSOR_DEFINITIONS = (
					"DEBUG=1",
					"$(inherited)",
				);
				GCC_WARN_64_TO_32_BIT_CONVERSION = YES;
				GCC_WARN_ABOUT_RETURN_TYPE = YES_ERROR;
				GCC_WARN_UNDECLARED_SELECTOR = YES;
				GCC_WARN_UNINITIALIZED_AUTOS = YES_AGGRESSIVE;
				GCC_WARN_UNUSED_FUNCTION = YES;
				GCC_WARN_UNUSED_VARIABLE = YES;
				MACOSX_DEPLOYMENT_TARGET = 12.3;
				MTL_ENABLE_DEBUG_INFO = INCLUDE_SOURCE;
				MTL_FAST_MATH = YES;
				ONLY_ACTIVE_ARCH = YES;
				SDKROOT = macosx;
			};
			name = Debug;
		};
		2DEE4F942A55574C005184D8 /* Release */ = {
			isa = XCBuildConfiguration;
			buildSettings = {
				ALWAYS_SEARCH_USER_PATHS = NO;
				CLANG_ANALYZER_NONNULL = YES;
				CLANG_ANALYZER_NUMBER_OBJECT_CONVERSION = YES_AGGRESSIVE;
				CLANG_CXX_LANGUAGE_STANDARD = "gnu++20";
				CLANG_ENABLE_MODULES = YES;
				CLANG_ENABLE_OBJC_ARC = YES;
				CLANG_ENABLE_OBJC_WEAK = YES;
				CLANG_WARN_BLOCK_CAPTURE_AUTORELEASING = YES;
				CLANG_WARN_BOOL_CONVERSION = YES;
				CLANG_WARN_COMMA = YES;
				CLANG_WARN_CONSTANT_CONVERSION = YES;
				CLANG_WARN_DEPRECATED_OBJC_IMPLEMENTATIONS = YES;
				CLANG_WARN_DIRECT_OBJC_ISA_USAGE = YES_ERROR;
				CLANG_WARN_DOCUMENTATION_COMMENTS = YES;
				CLANG_WARN_EMPTY_BODY = YES;
				CLANG_WARN_ENUM_CONVERSION = YES;
				CLANG_WARN_INFINITE_RECURSION = YES;
				CLANG_WARN_INT_CONVERSION = YES;
				CLANG_WARN_NON_LITERAL_NULL_CONVERSION = YES;
				CLANG_WARN_OBJC_IMPLICIT_RETAIN_SELF = YES;
				CLANG_WARN_OBJC_LITERAL_CONVERSION = YES;
				CLANG_WARN_OBJC_ROOT_CLASS = YES_ERROR;
				CLANG_WARN_QUOTED_INCLUDE_IN_FRAMEWORK_HEADER = YES;
				CLANG_WARN_RANGE_LOOP_ANALYSIS = YES;
				CLANG_WARN_STRICT_PROTOTYPES = YES;
				CLANG_WARN_SUSPICIOUS_MOVE = YES;
				CLANG_WARN_UNGUARDED_AVAILABILITY = YES_AGGRESSIVE;
				CLANG_WARN_UNREACHABLE_CODE = YES;
				CLANG_WARN__DUPLICATE_METHOD_MATCH = YES;
				COPY_PHASE_STRIP = NO;
				DEBUG_INFORMATION_FORMAT = "dwarf-with-dsym";
				ENABLE_NS_ASSERTIONS = NO;
				ENABLE_STRICT_OBJC_MSGSEND = YES;
				GCC_C_LANGUAGE_STANDARD = gnu11;
				GCC_NO_COMMON_BLOCKS = YES;
				GCC_WARN_64_TO_32_BIT_CONVERSION = YES;
				GCC_WARN_ABOUT_RETURN_TYPE = YES_ERROR;
				GCC_WARN_UNDECLARED_SELECTOR = YES;
				GCC_WARN_UNINITIALIZED_AUTOS = YES_AGGRESSIVE;
				GCC_WARN_UNUSED_FUNCTION = YES;
				GCC_WARN_UNUSED_VARIABLE = YES;
				MACOSX_DEPLOYMENT_TARGET = 12.3;
				MTL_ENABLE_DEBUG_INFO = NO;
				MTL_FAST_MATH = YES;
				SDKROOT = macosx;
			};
			name = Release;
		};
		2DEE4F962A55574C005184D8 /* Debug */ = {
			isa = XCBuildConfiguration;
			buildSettings = {
				CODE_SIGN_STYLE = Automatic;
				PRODUCT_NAME = "$(TARGET_NAME)";
			};
			name = Debug;
		};
		2DEE4F972A55574C005184D8 /* Release */ = {
			isa = XCBuildConfiguration;
			buildSettings = {
				CODE_SIGN_STYLE = Automatic;
				PRODUCT_NAME = "$(TARGET_NAME)";
			};
			name = Release;
		};
/* End XCBuildConfiguration section */

/* Begin XCConfigurationList section */
		2DEE4F892A55574C005184D8 /* Build configuration list for PBXProject "C Lang Codes" */ = {
			isa = XCConfigurationList;
			buildConfigurations = (
				2DEE4F932A55574C005184D8 /* Debug */,
				2DEE4F942A55574C005184D8 /* Release */,
			);
			defaultConfigurationIsVisible = 0;
			defaultConfigurationName = Release;
		};
		2DEE4F952A55574C005184D8 /* Build configuration list for PBXNativeTarget "C Lang Codes" */ = {
			isa = XCConfigurationList;
			buildConfigurations = (
				2DEE4F962A55574C005184D8 /* Debug */,
				2DEE4F972A55574C005184D8 /* Release */,
			);
			defaultConfigurationIsVisible = 0;
			defaultConfigurationName = Release;
		};
/* End XCConfigurationList section */
	};
	rootObject = 2DEE4F862A55574C005184D8 /* Project object */;
}
